
Microsoft Visual Studio Solution File, Format Version 12.00
# Visual Studio 15
VisualStudioVersion = 15.0.28010.2016
MinimumVisualStudioVersion = 10.0.40219.1
Project("{FAE04EC0-301F-11D3-BF4B-00C04F79EFBC}") = "smart-iot", "smart-iot\smart-iot.csproj", "{D6DCFB75-8B4C-4009-9315-D979846EA65D}"
EndProject
Global
	GlobalSection(SolutionConfigurationPlatforms) = preSolution
		Debug|Any CPU = Debug|Any CPU
		Release|Any CPU = Release|Any CPU
	EndGlobalSection
	GlobalSection(ProjectConfigurationPlatforms) = postSolution
		{D6DCFB75-8B4C-4009-9315-D979846EA65D}.Debug|Any CPU.ActiveCfg = Debug|Any CPU
		{D6DCFB75-8B4C-4009-9315-D979846EA65D}.Debug|Any CPU.Build.0 = Debug|Any CPU
		{D6DCFB75-8B4C-4009-9315-D979846EA65D}.Release|Any CPU.ActiveCfg = Release|Any CPU
		{D6DCFB75-8B4C-4009-9315-D979846EA65D}.Release|Any CPU.Build.0 = Release|Any CPU
	EndGlobalSection
	GlobalSection(SolutionProperties) = preSolution
		HideSolutionNode = FALSE
	EndGlobalSection
	GlobalSection(ExtensibilityGlobals) = postSolution
		SolutionGuid = {3F43456E-CC49-4C00-9C17-8F77DBD9DC6E}
	EndGlobalSection
EndGlobal
